
Microsoft Visual Studio Solution File, Format Version 12.00
# Visual Studio Version 17
VisualStudioVersion = 17.9.34728.123
MinimumVisualStudioVersion = 10.0.40219.1
Project("{FAE04EC0-301F-11D3-BF4B-00C04F79EFBC}") = "SampleRazorApp", "SampleRazorApp\SampleRazorApp.csproj", "{55E5AB27-1A33-414F-9658-243ADE2ECA81}"
EndProject
Global
	GlobalSection(SolutionConfigurationPlatforms) = preSolution
		Debug|Any CPU = Debug|Any CPU
		Release|Any CPU = Release|Any CPU
	EndGlobalSection
	GlobalSection(ProjectConfigurationPlatforms) = postSolution
		{55E5AB27-1A33-414F-9658-243ADE2ECA81}.Debug|Any CPU.ActiveCfg = Debug|Any CPU
		{55E5AB27-1A33-414F-9658-243ADE2ECA81}.Debug|Any CPU.Build.0 = Debug|Any CPU
		{55E5AB27-1A33-414F-9658-243ADE2ECA81}.Release|Any CPU.ActiveCfg = Release|Any CPU
		{55E5AB27-1A33-414F-9658-243ADE2ECA81}.Release|Any CPU.Build.0 = Release|Any CPU
	EndGlobalSection
	GlobalSection(SolutionProperties) = preSolution
		HideSolutionNode = FALSE
	EndGlobalSection
	GlobalSection(ExtensibilityGlobals) = postSolution
		SolutionGuid = {4F0209CE-F283-4DFE-9C8F-D5DAD8F99A2D}
	EndGlobalSection
EndGlobal
